// !$*UTF8*$!
{
	archiveVersion = 1;
	classes = {
	};
	objectVersion = 50;
	objects = {

/* Begin PBXBuildFile section */
		3A26D41E24507A8D00C6277F /* AppDelegate.swift in Sources */ = {isa = PBXBuildFile; fileRef = 3A26D41D24507A8D00C6277F /* AppDelegate.swift */; };
		3A26D42024507A8D00C6277F /* SceneDelegate.swift in Sources */ = {isa = PBXBuildFile; fileRef = 3A26D41F24507A8D00C6277F /* SceneDelegate.swift */; };
		3A26D42A24507A9000C6277F /* LaunchScreen.storyboard in Resources */ = {isa = PBXBuildFile; fileRef = 3A26D42824507A9000C6277F /* LaunchScreen.storyboard */; };
		3A26D43724507B4100C6277F /* Lista.storyboard in Resources */ = {isa = PBXBuildFile; fileRef = 3A26D43624507B4100C6277F /* Lista.storyboard */; };
		3A26D43924507B6500C6277F /* Descricao.storyboard in Resources */ = {isa = PBXBuildFile; fileRef = 3A26D43824507B6500C6277F /* Descricao.storyboard */; };
		3A26D43B24507B7100C6277F /* Detalhes.storyboard in Resources */ = {isa = PBXBuildFile; fileRef = 3A26D43A24507B7100C6277F /* Detalhes.storyboard */; };
		3AD433ED2460601D0003F658 /* CollectionTableViewCell.swift in Sources */ = {isa = PBXBuildFile; fileRef = 3AD433EC2460601D0003F658 /* CollectionTableViewCell.swift */; };
		3AD433EF246060240003F658 /* ViewController.swift in Sources */ = {isa = PBXBuildFile; fileRef = 3AD433EE246060240003F658 /* ViewController.swift */; };
		3AD433F5246060420003F658 /* My2CollectionViewCell.swift in Sources */ = {isa = PBXBuildFile; fileRef = 3AD433F1246060420003F658 /* My2CollectionViewCell.swift */; };
		3AD433F6246060420003F658 /* MyCell.swift in Sources */ = {isa = PBXBuildFile; fileRef = 3AD433F2246060420003F658 /* MyCell.swift */; };
		3AD433F7246060420003F658 /* MyCollectionViewCell.swift in Sources */ = {isa = PBXBuildFile; fileRef = 3AD433F3246060420003F658 /* MyCollectionViewCell.swift */; };
		3AD433FD246060B90003F658 /* CollectionTableViewCell.xib in Resources */ = {isa = PBXBuildFile; fileRef = 3AD433FA246060B90003F658 /* CollectionTableViewCell.xib */; };
		3AD433FE246060B90003F658 /* My2CollectionViewCell.xib in Resources */ = {isa = PBXBuildFile; fileRef = 3AD433FB246060B90003F658 /* My2CollectionViewCell.xib */; };
		3AD433FF246060B90003F658 /* MyCollectionViewCell.xib in Resources */ = {isa = PBXBuildFile; fileRef = 3AD433FC246060B90003F658 /* MyCollectionViewCell.xib */; };
		3AD43403246061290003F658 /* Imagens.xcassets in Resources */ = {isa = PBXBuildFile; fileRef = 3AD43402246061290003F658 /* Imagens.xcassets */; };
		3AD434052460B7300003F658 /* Assets.xcassets in Resources */ = {isa = PBXBuildFile; fileRef = 3AD434042460B7300003F658 /* Assets.xcassets */; };
		3AD434072460B92E0003F658 /* Inicial.storyboard in Resources */ = {isa = PBXBuildFile; fileRef = 3AD434062460B92E0003F658 /* Inicial.storyboard */; };
		3AD7889324565973005C83F8 /* ListaTableViewController.swift in Sources */ = {isa = PBXBuildFile; fileRef = 3AD7889224565973005C83F8 /* ListaTableViewController.swift */; };
		3AD7889724565B5F005C83F8 /* LoaderJson.swift in Sources */ = {isa = PBXBuildFile; fileRef = 3AD7889624565B5F005C83F8 /* LoaderJson.swift */; };
		3AD7889924565D3F005C83F8 /* HairbS.json in Resources */ = {isa = PBXBuildFile; fileRef = 3AD7889824565D3F005C83F8 /* HairbS.json */; };
		54AE211124618BF1004FC16E /* Itens.swift in Sources */ = {isa = PBXBuildFile; fileRef = 54AE211024618BF0004FC16E /* Itens.swift */; };
		56CF20792458562000ED07AE /* DescricaoViewController.swift in Sources */ = {isa = PBXBuildFile; fileRef = 56CF20782458562000ED07AE /* DescricaoViewController.swift */; };
		56E79A3E245B163900B23575 /* DescricaoCard.xib in Resources */ = {isa = PBXBuildFile; fileRef = 56E79A3D245B163900B23575 /* DescricaoCard.xib */; };
		56E79A40245B181200B23575 /* DescricaoCard.swift in Sources */ = {isa = PBXBuildFile; fileRef = 56E79A3F245B181200B23575 /* DescricaoCard.swift */; };
		56E79A42245B531900B23575 /* DetalhesViewController.swift in Sources */ = {isa = PBXBuildFile; fileRef = 56E79A41245B531900B23575 /* DetalhesViewController.swift */; };
/* End PBXBuildFile section */

/* Begin PBXFileReference section */
		3A26D41A24507A8D00C6277F /* HairbS.app */ = {isa = PBXFileReference; explicitFileType = wrapper.application; includeInIndex = 0; path = HairbS.app; sourceTree = BUILT_PRODUCTS_DIR; };
		3A26D41D24507A8D00C6277F /* AppDelegate.swift */ = {isa = PBXFileReference; lastKnownFileType = sourcecode.swift; path = AppDelegate.swift; sourceTree = "<group>"; };
		3A26D41F24507A8D00C6277F /* SceneDelegate.swift */ = {isa = PBXFileReference; lastKnownFileType = sourcecode.swift; path = SceneDelegate.swift; sourceTree = "<group>"; };
		3A26D42924507A9000C6277F /* Base */ = {isa = PBXFileReference; lastKnownFileType = file.storyboard; name = Base; path = Base.lproj/LaunchScreen.storyboard; sourceTree = "<group>"; };
		3A26D42B24507A9000C6277F /* Info.plist */ = {isa = PBXFileReference; lastKnownFileType = text.plist.xml; path = Info.plist; sourceTree = "<group>"; };
		3A26D43624507B4100C6277F /* Lista.storyboard */ = {isa = PBXFileReference; lastKnownFileType = file.storyboard; path = Lista.storyboard; sourceTree = "<group>"; };
		3A26D43824507B6500C6277F /* Descricao.storyboard */ = {isa = PBXFileReference; lastKnownFileType = file.storyboard; path = Descricao.storyboard; sourceTree = "<group>"; };
		3A26D43A24507B7100C6277F /* Detalhes.storyboard */ = {isa = PBXFileReference; lastKnownFileType = file.storyboard; path = Detalhes.storyboard; sourceTree = "<group>"; };
		3AD433EC2460601D0003F658 /* CollectionTableViewCell.swift */ = {isa = PBXFileReference; fileEncoding = 4; lastKnownFileType = sourcecode.swift; path = CollectionTableViewCell.swift; sourceTree = "<group>"; };
		3AD433EE246060240003F658 /* ViewController.swift */ = {isa = PBXFileReference; fileEncoding = 4; lastKnownFileType = sourcecode.swift; path = ViewController.swift; sourceTree = "<group>"; };
		3AD433F1246060420003F658 /* My2CollectionViewCell.swift */ = {isa = PBXFileReference; fileEncoding = 4; lastKnownFileType = sourcecode.swift; path = My2CollectionViewCell.swift; sourceTree = "<group>"; };
		3AD433F2246060420003F658 /* MyCell.swift */ = {isa = PBXFileReference; fileEncoding = 4; lastKnownFileType = sourcecode.swift; path = MyCell.swift; sourceTree = "<group>"; };
		3AD433F3246060420003F658 /* MyCollectionViewCell.swift */ = {isa = PBXFileReference; fileEncoding = 4; lastKnownFileType = sourcecode.swift; path = MyCollectionViewCell.swift; sourceTree = "<group>"; };
		3AD433FA246060B90003F658 /* CollectionTableViewCell.xib */ = {isa = PBXFileReference; fileEncoding = 4; lastKnownFileType = file.xib; path = CollectionTableViewCell.xib; sourceTree = "<group>"; };
		3AD433FB246060B90003F658 /* My2CollectionViewCell.xib */ = {isa = PBXFileReference; fileEncoding = 4; lastKnownFileType = file.xib; path = My2CollectionViewCell.xib; sourceTree = "<group>"; };
		3AD433FC246060B90003F658 /* MyCollectionViewCell.xib */ = {isa = PBXFileReference; fileEncoding = 4; lastKnownFileType = file.xib; path = MyCollectionViewCell.xib; sourceTree = "<group>"; };
		3AD43402246061290003F658 /* Imagens.xcassets */ = {isa = PBXFileReference; lastKnownFileType = folder.assetcatalog; path = Imagens.xcassets; sourceTree = "<group>"; };
		3AD434042460B7300003F658 /* Assets.xcassets */ = {isa = PBXFileReference; lastKnownFileType = folder.assetcatalog; path = Assets.xcassets; sourceTree = "<group>"; };
		3AD434062460B92E0003F658 /* Inicial.storyboard */ = {isa = PBXFileReference; fileEncoding = 4; lastKnownFileType = file.storyboard; path = Inicial.storyboard; sourceTree = "<group>"; };
		3AD7889224565973005C83F8 /* ListaTableViewController.swift */ = {isa = PBXFileReference; lastKnownFileType = sourcecode.swift; path = ListaTableViewController.swift; sourceTree = "<group>"; };
		3AD7889624565B5F005C83F8 /* LoaderJson.swift */ = {isa = PBXFileReference; lastKnownFileType = sourcecode.swift; path = LoaderJson.swift; sourceTree = "<group>"; };
		3AD7889824565D3F005C83F8 /* HairbS.json */ = {isa = PBXFileReference; fileEncoding = 4; lastKnownFileType = text.json; path = HairbS.json; sourceTree = "<group>"; };
		54AE211024618BF0004FC16E /* Itens.swift */ = {isa = PBXFileReference; fileEncoding = 4; lastKnownFileType = sourcecode.swift; name = Itens.swift; path = HairbS/Itens.swift; sourceTree = SOURCE_ROOT; };
		56CF20782458562000ED07AE /* DescricaoViewController.swift */ = {isa = PBXFileReference; lastKnownFileType = sourcecode.swift; path = DescricaoViewController.swift; sourceTree = "<group>"; };
		56E79A3D245B163900B23575 /* DescricaoCard.xib */ = {isa = PBXFileReference; lastKnownFileType = file.xib; path = DescricaoCard.xib; sourceTree = "<group>"; };
		56E79A3F245B181200B23575 /* DescricaoCard.swift */ = {isa = PBXFileReference; lastKnownFileType = sourcecode.swift; path = DescricaoCard.swift; sourceTree = "<group>"; };
		56E79A41245B531900B23575 /* DetalhesViewController.swift */ = {isa = PBXFileReference; lastKnownFileType = sourcecode.swift; path = DetalhesViewController.swift; sourceTree = "<group>"; };
/* End PBXFileReference section */

/* Begin PBXFrameworksBuildPhase section */
		3A26D41724507A8D00C6277F /* Frameworks */ = {
			isa = PBXFrameworksBuildPhase;
			buildActionMask = 2147483647;
			files = (
			);
			runOnlyForDeploymentPostprocessing = 0;
		};
/* End PBXFrameworksBuildPhase section */

/* Begin PBXGroup section */
		3A26D41124507A8D00C6277F = {
			isa = PBXGroup;
			children = (
				3A26D41C24507A8D00C6277F /* HairbS */,
				3A26D41B24507A8D00C6277F /* Products */,
			);
			sourceTree = "<group>";
		};
		3A26D41B24507A8D00C6277F /* Products */ = {
			isa = PBXGroup;
			children = (
				3A26D41A24507A8D00C6277F /* HairbS.app */,
			);
			name = Products;
			sourceTree = "<group>";
		};
		3A26D41C24507A8D00C6277F /* HairbS */ = {
			isa = PBXGroup;
			children = (
				3A26D43324507AFF00C6277F /* Controller */,
				3A26D43224507AF800C6277F /* View */,
				3A26D43124507AF000C6277F /* Model */,
				3A26D41D24507A8D00C6277F /* AppDelegate.swift */,
				3A26D41F24507A8D00C6277F /* SceneDelegate.swift */,
				3AD7889824565D3F005C83F8 /* HairbS.json */,
				3AD434042460B7300003F658 /* Assets.xcassets */,
				3AD43402246061290003F658 /* Imagens.xcassets */,
				3A26D42824507A9000C6277F /* LaunchScreen.storyboard */,
				3A26D42B24507A9000C6277F /* Info.plist */,
			);
			path = HairbS;
			sourceTree = "<group>";
		};
		3A26D43124507AF000C6277F /* Model */ = {
			isa = PBXGroup;
			children = (
				54AE211024618BF0004FC16E /* Itens.swift */,
				3AD433F1246060420003F658 /* My2CollectionViewCell.swift */,
				3AD433F2246060420003F658 /* MyCell.swift */,
				3AD433F3246060420003F658 /* MyCollectionViewCell.swift */,
				56E79A3F245B181200B23575 /* DescricaoCard.swift */,
			);
			path = Model;
			sourceTree = "<group>";
		};
		3A26D43224507AF800C6277F /* View */ = {
			isa = PBXGroup;
			children = (
				3AD434062460B92E0003F658 /* Inicial.storyboard */,
				3A26D43624507B4100C6277F /* Lista.storyboard */,
				3A26D43824507B6500C6277F /* Descricao.storyboard */,
				3A26D43A24507B7100C6277F /* Detalhes.storyboard */,
				56E79A3D245B163900B23575 /* DescricaoCard.xib */,
				3AD433FA246060B90003F658 /* CollectionTableViewCell.xib */,
				3AD433FB246060B90003F658 /* My2CollectionViewCell.xib */,
				3AD433FC246060B90003F658 /* MyCollectionViewCell.xib */,
			);
			path = View;
			sourceTree = "<group>";
		};
		3A26D43324507AFF00C6277F /* Controller */ = {
			isa = PBXGroup;
			children = (
				3AD7889224565973005C83F8 /* ListaTableViewController.swift */,
				3AD7889624565B5F005C83F8 /* LoaderJson.swift */,
				56CF20782458562000ED07AE /* DescricaoViewController.swift */,
				56E79A41245B531900B23575 /* DetalhesViewController.swift */,
				3AD433EC2460601D0003F658 /* CollectionTableViewCell.swift */,
				3AD433EE246060240003F658 /* ViewController.swift */,
			);
			path = Controller;
			sourceTree = "<group>";
		};
/* End PBXGroup section */

/* Begin PBXNativeTarget section */
		3A26D41924507A8D00C6277F /* HairbS */ = {
			isa = PBXNativeTarget;
			buildConfigurationList = 3A26D42E24507A9000C6277F /* Build configuration list for PBXNativeTarget "HairbS" */;
			buildPhases = (
				3A26D41624507A8D00C6277F /* Sources */,
				3A26D41724507A8D00C6277F /* Frameworks */,
				3A26D41824507A8D00C6277F /* Resources */,
			);
			buildRules = (
			);
			dependencies = (
			);
			name = HairbS;
			productName = HairbS;
			productReference = 3A26D41A24507A8D00C6277F /* HairbS.app */;
			productType = "com.apple.product-type.application";
		};
/* End PBXNativeTarget section */

/* Begin PBXProject section */
		3A26D41224507A8D00C6277F /* Project object */ = {
			isa = PBXProject;
			attributes = {
				LastSwiftUpdateCheck = 1130;
				LastUpgradeCheck = 1130;
				ORGANIZATIONNAME = "HairbS-Team";
				TargetAttributes = {
					3A26D41924507A8D00C6277F = {
						CreatedOnToolsVersion = 11.3.1;
					};
				};
			};
			buildConfigurationList = 3A26D41524507A8D00C6277F /* Build configuration list for PBXProject "HairbS" */;
			compatibilityVersion = "Xcode 9.3";
			developmentRegion = en;
			hasScannedForEncodings = 0;
			knownRegions = (
				en,
				Base,
			);
			mainGroup = 3A26D41124507A8D00C6277F;
			productRefGroup = 3A26D41B24507A8D00C6277F /* Products */;
			projectDirPath = "";
			projectRoot = "";
			targets = (
				3A26D41924507A8D00C6277F /* HairbS */,
			);
		};
/* End PBXProject section */

/* Begin PBXResourcesBuildPhase section */
		3A26D41824507A8D00C6277F /* Resources */ = {
			isa = PBXResourcesBuildPhase;
			buildActionMask = 2147483647;
			files = (
				3AD43403246061290003F658 /* Imagens.xcassets in Resources */,
				3AD433FF246060B90003F658 /* MyCollectionViewCell.xib in Resources */,
				56E79A3E245B163900B23575 /* DescricaoCard.xib in Resources */,
				3AD433FE246060B90003F658 /* My2CollectionViewCell.xib in Resources */,
				3AD7889924565D3F005C83F8 /* HairbS.json in Resources */,
				3A26D43724507B4100C6277F /* Lista.storyboard in Resources */,
				3A26D43924507B6500C6277F /* Descricao.storyboard in Resources */,
				3A26D43B24507B7100C6277F /* Detalhes.storyboard in Resources */,
				3A26D42A24507A9000C6277F /* LaunchScreen.storyboard in Resources */,
				3AD434052460B7300003F658 /* Assets.xcassets in Resources */,
				3AD434072460B92E0003F658 /* Inicial.storyboard in Resources */,
				3AD433FD246060B90003F658 /* CollectionTableViewCell.xib in Resources */,
			);
			runOnlyForDeploymentPostprocessing = 0;
		};
/* End PBXResourcesBuildPhase section */

/* Begin PBXSourcesBuildPhase section */
		3A26D41624507A8D00C6277F /* Sources */ = {
			isa = PBXSourcesBuildPhase;
			buildActionMask = 2147483647;
			files = (
				3AD433EF246060240003F658 /* ViewController.swift in Sources */,
				56E79A42245B531900B23575 /* DetalhesViewController.swift in Sources */,
				3AD433F6246060420003F658 /* MyCell.swift in Sources */,
				3AD7889724565B5F005C83F8 /* LoaderJson.swift in Sources */,
				56E79A40245B181200B23575 /* DescricaoCard.swift in Sources */,
				3AD433F5246060420003F658 /* My2CollectionViewCell.swift in Sources */,
				54AE211124618BF1004FC16E /* Itens.swift in Sources */,
				3A26D41E24507A8D00C6277F /* AppDelegate.swift in Sources */,
				3AD433F7246060420003F658 /* MyCollectionViewCell.swift in Sources */,
				3A26D42024507A8D00C6277F /* SceneDelegate.swift in Sources */,
				56CF20792458562000ED07AE /* DescricaoViewController.swift in Sources */,
				3AD433ED2460601D0003F658 /* CollectionTableViewCell.swift in Sources */,
				3AD7889324565973005C83F8 /* ListaTableViewController.swift in Sources */,
			);
			runOnlyForDeploymentPostprocessing = 0;
		};
/* End PBXSourcesBuildPhase section */

/* Begin PBXVariantGroup section */
		3A26D42824507A9000C6277F /* LaunchScreen.storyboard */ = {
			isa = PBXVariantGroup;
			children = (
				3A26D42924507A9000C6277F /* Base */,
			);
			name = LaunchScreen.storyboard;
			sourceTree = "<group>";
		};
/* End PBXVariantGroup section */

/* Begin XCBuildConfiguration section */
		3A26D42C24507A9000C6277F /* Debug */ = {
			isa = XCBuildConfiguration;
			buildSettings = {
				ALWAYS_SEARCH_USER_PATHS = NO;
				CLANG_ANALYZER_NONNULL = YES;
				CLANG_ANALYZER_NUMBER_OBJECT_CONVERSION = YES_AGGRESSIVE;
				CLANG_CXX_LANGUAGE_STANDARD = "gnu++14";
				CLANG_CXX_LIBRARY = "libc++";
				CLANG_ENABLE_MODULES = YES;
				CLANG_ENABLE_OBJC_ARC = YES;
				CLANG_ENABLE_OBJC_WEAK = YES;
				CLANG_WARN_BLOCK_CAPTURE_AUTORELEASING = YES;
				CLANG_WARN_BOOL_CONVERSION = YES;
				CLANG_WARN_COMMA = YES;
				CLANG_WARN_CONSTANT_CONVERSION = YES;
				CLANG_WARN_DEPRECATED_OBJC_IMPLEMENTATIONS = YES;
				CLANG_WARN_DIRECT_OBJC_ISA_USAGE = YES_ERROR;
				CLANG_WARN_DOCUMENTATION_COMMENTS = YES;
				CLANG_WARN_EMPTY_BODY = YES;
				CLANG_WARN_ENUM_CONVERSION = YES;
				CLANG_WARN_INFINITE_RECURSION = YES;
				CLANG_WARN_INT_CONVERSION = YES;
				CLANG_WARN_NON_LITERAL_NULL_CONVERSION = YES;
				CLANG_WARN_OBJC_IMPLICIT_RETAIN_SELF = YES;
				CLANG_WARN_OBJC_LITERAL_CONVERSION = YES;
				CLANG_WARN_OBJC_ROOT_CLASS = YES_ERROR;
				CLANG_WARN_RANGE_LOOP_ANALYSIS = YES;
				CLANG_WARN_STRICT_PROTOTYPES = YES;
				CLANG_WARN_SUSPICIOUS_MOVE = YES;
				CLANG_WARN_UNGUARDED_AVAILABILITY = YES_AGGRESSIVE;
				CLANG_WARN_UNREACHABLE_CODE = YES;
				CLANG_WARN__DUPLICATE_METHOD_MATCH = YES;
				COPY_PHASE_STRIP = NO;
				DEBUG_INFORMATION_FORMAT = dwarf;
				ENABLE_STRICT_OBJC_MSGSEND = YES;
				ENABLE_TESTABILITY = YES;
				GCC_C_LANGUAGE_STANDARD = gnu11;
				GCC_DYNAMIC_NO_PIC = NO;
				GCC_NO_COMMON_BLOCKS = YES;
				GCC_OPTIMIZATION_LEVEL = 0;
				GCC_PREPROCESSOR_DEFINITIONS = (
					"DEBUG=1",
					"$(inherited)",
				);
				GCC_WARN_64_TO_32_BIT_CONVERSION = YES;
				GCC_WARN_ABOUT_RETURN_TYPE = YES_ERROR;
				GCC_WARN_UNDECLARED_SELECTOR = YES;
				GCC_WARN_UNINITIALIZED_AUTOS = YES_AGGRESSIVE;
				GCC_WARN_UNUSED_FUNCTION = YES;
				GCC_WARN_UNUSED_VARIABLE = YES;
				IPHONEOS_DEPLOYMENT_TARGET = 13.2;
				MTL_ENABLE_DEBUG_INFO = INCLUDE_SOURCE;
				MTL_FAST_MATH = YES;
				ONLY_ACTIVE_ARCH = YES;
				SDKROOT = iphoneos;
				SWIFT_ACTIVE_COMPILATION_CONDITIONS = DEBUG;
				SWIFT_OPTIMIZATION_LEVEL = "-Onone";
			};
			name = Debug;
		};
		3A26D42D24507A9000C6277F /* Release */ = {
			isa = XCBuildConfiguration;
			buildSettings = {
				ALWAYS_SEARCH_USER_PATHS = NO;
				CLANG_ANALYZER_NONNULL = YES;
				CLANG_ANALYZER_NUMBER_OBJECT_CONVERSION = YES_AGGRESSIVE;
				CLANG_CXX_LANGUAGE_STANDARD = "gnu++14";
				CLANG_CXX_LIBRARY = "libc++";
				CLANG_ENABLE_MODULES = YES;
				CLANG_ENABLE_OBJC_ARC = YES;
				CLANG_ENABLE_OBJC_WEAK = YES;
				CLANG_WARN_BLOCK_CAPTURE_AUTORELEASING = YES;
				CLANG_WARN_BOOL_CONVERSION = YES;
				CLANG_WARN_COMMA = YES;
				CLANG_WARN_CONSTANT_CONVERSION = YES;
				CLANG_WARN_DEPRECATED_OBJC_IMPLEMENTATIONS = YES;
				CLANG_WARN_DIRECT_OBJC_ISA_USAGE = YES_ERROR;
				CLANG_WARN_DOCUMENTATION_COMMENTS = YES;
				CLANG_WARN_EMPTY_BODY = YES;
				CLANG_WARN_ENUM_CONVERSION = YES;
				CLANG_WARN_INFINITE_RECURSION = YES;
				CLANG_WARN_INT_CONVERSION = YES;
				CLANG_WARN_NON_LITERAL_NULL_CONVERSION = YES;
				CLANG_WARN_OBJC_IMPLICIT_RETAIN_SELF = YES;
				CLANG_WARN_OBJC_LITERAL_CONVERSION = YES;
				CLANG_WARN_OBJC_ROOT_CLASS = YES_ERROR;
				CLANG_WARN_RANGE_LOOP_ANALYSIS = YES;
				CLANG_WARN_STRICT_PROTOTYPES = YES;
				CLANG_WARN_SUSPICIOUS_MOVE = YES;
				CLANG_WARN_UNGUARDED_AVAILABILITY = YES_AGGRESSIVE;
				CLANG_WARN_UNREACHABLE_CODE = YES;
				CLANG_WARN__DUPLICATE_METHOD_MATCH = YES;
				COPY_PHASE_STRIP = NO;
				DEBUG_INFORMATION_FORMAT = "dwarf-with-dsym";
				ENABLE_NS_ASSERTIONS = NO;
				ENABLE_STRICT_OBJC_MSGSEND = YES;
				GCC_C_LANGUAGE_STANDARD = gnu11;
				GCC_NO_COMMON_BLOCKS = YES;
				GCC_WARN_64_TO_32_BIT_CONVERSION = YES;
				GCC_WARN_ABOUT_RETURN_TYPE = YES_ERROR;
				GCC_WARN_UNDECLARED_SELECTOR = YES;
				GCC_WARN_UNINITIALIZED_AUTOS = YES_AGGRESSIVE;
				GCC_WARN_UNUSED_FUNCTION = YES;
				GCC_WARN_UNUSED_VARIABLE = YES;
				IPHONEOS_DEPLOYMENT_TARGET = 13.2;
				MTL_ENABLE_DEBUG_INFO = NO;
				MTL_FAST_MATH = YES;
				SDKROOT = iphoneos;
				SWIFT_COMPILATION_MODE = wholemodule;
				SWIFT_OPTIMIZATION_LEVEL = "-O";
				VALIDATE_PRODUCT = YES;
			};
			name = Release;
		};
		3A26D42F24507A9000C6277F /* Debug */ = {
			isa = XCBuildConfiguration;
			buildSettings = {
				ASSETCATALOG_COMPILER_APPICON_NAME = AppIcon;
				CODE_SIGN_STYLE = Automatic;
				DEVELOPMENT_TEAM = Y8XB2TQUP3;
				INFOPLIST_FILE = HairbS/Info.plist;
				LD_RUNPATH_SEARCH_PATHS = (
					"$(inherited)",
					"@executable_path/Frameworks",
				);
				PRODUCT_BUNDLE_IDENTIFIER = "HairbS-Team.HairbS";
				PRODUCT_NAME = "$(TARGET_NAME)";
				SWIFT_VERSION = 5.0;
				TARGETED_DEVICE_FAMILY = "1,2";
			};
			name = Debug;
		};
		3A26D43024507A9000C6277F /* Release */ = {
			isa = XCBuildConfiguration;
			buildSettings = {
				ASSETCATALOG_COMPILER_APPICON_NAME = AppIcon;
				CODE_SIGN_STYLE = Automatic;
				DEVELOPMENT_TEAM = Y8XB2TQUP3;
				INFOPLIST_FILE = HairbS/Info.plist;
				LD_RUNPATH_SEARCH_PATHS = (
					"$(inherited)",
					"@executable_path/Frameworks",
				);
				PRODUCT_BUNDLE_IDENTIFIER = "HairbS-Team.HairbS";
				PRODUCT_NAME = "$(TARGET_NAME)";
				SWIFT_VERSION = 5.0;
				TARGETED_DEVICE_FAMILY = "1,2";
			};
			name = Release;
		};
/* End XCBuildConfiguration section */

/* Begin XCConfigurationList section */
		3A26D41524507A8D00C6277F /* Build configuration list for PBXProject "HairbS" */ = {
			isa = XCConfigurationList;
			buildConfigurations = (
				3A26D42C24507A9000C6277F /* Debug */,
				3A26D42D24507A9000C6277F /* Release */,
			);
			defaultConfigurationIsVisible = 0;
			defaultConfigurationName = Release;
		};
		3A26D42E24507A9000C6277F /* Build configuration list for PBXNativeTarget "HairbS" */ = {
			isa = XCConfigurationList;
			buildConfigurations = (
				3A26D42F24507A9000C6277F /* Debug */,
				3A26D43024507A9000C6277F /* Release */,
			);
			defaultConfigurationIsVisible = 0;
			defaultConfigurationName = Release;
		};
/* End XCConfigurationList section */
	};
	rootObject = 3A26D41224507A8D00C6277F /* Project object */;
}
